PODS:
  - AFNetworking (4.0.1):
    - AFNetworking/NSURLSession (= 4.0.1)
    - AFNetworking/Reachability (= 4.0.1)
    - AFNetworking/Security (= 4.0.1)
    - AFNetworking/Serialization (= 4.0.1)
    - AFNetworking/UIKit (= 4.0.1)
  - AFNetworking/NSURLSession (4.0.1):
    - AFNetworking/Reachability
    - AFNetworking/Security
    - AFNetworking/Serialization
  - AFNetworking/Reachability (4.0.1)
  - AFNetworking/Security (4.0.1)
  - AFNetworking/Serialization (4.0.1)
  - AFNetworking/UIKit (4.0.1):
    - AFNetworking/NSURLSession
  - BlocksKit (2.2.5):
    - BlocksKit/All (= 2.2.5)
  - BlocksKit/All (2.2.5):
    - BlocksKit/Core
    - BlocksKit/DynamicDelegate
    - BlocksKit/MessageUI
    - BlocksKit/UIKit
  - BlocksKit/Core (2.2.5)
  - BlocksKit/DynamicDelegate (2.2.5)
  - BlocksKit/MessageUI (2.2.5):
    - BlocksKit/Core
    - BlocksKit/DynamicDelegate
  - BlocksKit/UIKit (2.2.5):
    - BlocksKit/Core
    - BlocksKit/DynamicDelegate
  - Hero (1.6.2)
  - JSONModel (1.8.0)
  - OCMock (3.9.1)
  - PAPreferences (0.5)
  - PromiseKit (8.0.0):
    - PromiseKit/CorePromise (= 8.0.0)
    - PromiseKit/Foundation (= 8.0.0)
    - PromiseKit/UIKit (= 8.0.0)
  - PromiseKit/CorePromise (8.0.0)
  - PromiseKit/Foundation (8.0.0):
    - PromiseKit/CorePromise
  - PromiseKit/UIKit (8.0.0):
    - PromiseKit/CorePromise
  - PureLayout (3.1.9)
  - SVProgressHUD (2.2.5)
  - "UIColor+Hex (1.0.1)":
    - "UIColor+Hex/NSColor (= 1.0.1)"
    - "UIColor+Hex/UIColor (= 1.0.1)"
  - "UIColor+Hex/UIColor (1.0.1)"
  - XMLDictionary (1.4.1)

DEPENDENCIES:
  - AFNetworking (= 4.0.1)
  - BlocksKit (= 2.2.5)
  - Hero (= 1.6.2)
  - JSONModel (= 1.8.0)
  - OCMock (= 3.9.1)
  - PAPreferences (= 0.5)
  - PromiseKit (= 8.0.0)
  - PureLayout (= 3.1.9)
  - SVProgressHUD (= 2.2.5)
  - "UIColor+Hex (= 1.0.1)"
  - XMLDictionary (= 1.4.1)

SPEC REPOS:
  https://github.com/CocoaPods/Specs.git:
    - AFNetworking
    - BlocksKit
    - Hero
    - JSONModel
    - OCMock
    - PAPreferences
    - PromiseKit
    - PureLayout
    - SVProgressHUD
    - "UIColor+Hex"
    - XMLDictionary

SPEC CHECKSUMS:
  AFNetworking: 3bd23d814e976cd148d7d44c3ab78017b744cd58
  BlocksKit: 8639b2848dd51c35c957af4d9fbdc7a769a1fc12
  Hero: c69009dbc9e2f0472e081adc644dba05fcedae72
  JSONModel: 02ab723958366a3fd27da57ea2af2113658762e9
  OCMock: 9491e4bec59e0b267d52a9184ff5605995e74be8
  PAPreferences: 9f0ffb1e67174a0df001af9d3320166ceb9ee6f5
  PromiseKit: 7039707ba8764b6ce98501debce2489561b038a5
  PureLayout: 5fb5e5429519627d60d079ccb1eaa7265ce7cf88
  SVProgressHUD: 1428aafac632c1f86f62aa4243ec12008d7a51d6
  "UIColor+Hex": 9fee91bb8e19f17dd40a79ae1e98949a6a84489d
  XMLDictionary: fa07b6ff422b3a91d47a5de9bc82e3fc04fbd167

PODFILE CHECKSUM: f6b1a3831b575de73a275bf2112c7704d1eb9de4

COCOAPODS: 1.13.0
